
Microsoft Visual Studio Solution File, Format Version 12.00
# Visual Studio Version 17
VisualStudioVersion = 17.4.33205.214
MinimumVisualStudioVersion = 10.0.40219.1
Project("{FAE04EC0-301F-11D3-BF4B-00C04F79EFBC}") = "VideoGamesBackend", "VideoGamesBackend\VideoGamesBackend.csproj", "{911D0420-DC7C-489A-9ACD-D74D2EA0879E}"
EndProject
Global
	GlobalSection(SolutionConfigurationPlatforms) = preSolution
		Debug|Any CPU = Debug|Any CPU
		Release|Any CPU = Release|Any CPU
	EndGlobalSection
	GlobalSection(ProjectConfigurationPlatforms) = postSolution
		{911D0420-DC7C-489A-9ACD-D74D2EA0879E}.Debug|Any CPU.ActiveCfg = Debug|Any CPU
		{911D0420-DC7C-489A-9ACD-D74D2EA0879E}.Debug|Any CPU.Build.0 = Debug|Any CPU
		{911D0420-DC7C-489A-9ACD-D74D2EA0879E}.Release|Any CPU.ActiveCfg = Release|Any CPU
		{911D0420-DC7C-489A-9ACD-D74D2EA0879E}.Release|Any CPU.Build.0 = Release|Any CPU
	EndGlobalSection
	GlobalSection(SolutionProperties) = preSolution
		HideSolutionNode = FALSE
	EndGlobalSection
	GlobalSection(ExtensibilityGlobals) = postSolution
		SolutionGuid = {6310D097-B91B-463D-A267-213DED197BE7}
	EndGlobalSection
EndGlobal
